{
  "name": "fish_tank",
  "version": "1.0.0",
  "lockfileVersion": 2,
  "requires": true,
  "packages": {
    "": {
      "version": "1.0.0",
      "license": "ISC",
      "dependencies": {
        "nact": "^7.6.0"
      }
    },
    "node_modules/denque": {
      "version": "1.5.0",
      "resolved": "https://registry.npmjs.org/denque/-/denque-1.5.0.tgz",
      "integrity": "sha512-CYiCSgIF1p6EUByQPlGkKnP1M9g0ZV3qMIrqMqZqdwazygIA/YP2vrbcyl1h/WppKJTdl1F85cXIle+394iDAQ==",
      "engines": {
        "node": ">=0.10"
      }
    },
    "node_modules/nact": {
      "version": "7.6.0",
      "resolved": "https://registry.npmjs.org/nact/-/nact-7.6.0.tgz",
      "integrity": "sha512-0UghRQyNUMWLSwPIi7cyp3MXUtMpZLRaSG3bjqEfWO9OxZoUIAMh59raKeoTfnZ33B50CLg3RefXHLQr3kvgmQ==",
      "dependencies": {
        "denque": "^1.2.3"
      }
    }
  },
  "dependencies": {
    "denque": {
      "version": "1.5.0",
      "resolved": "https://registry.npmjs.org/denque/-/denque-1.5.0.tgz",
      "integrity": "sha512-CYiCSgIF1p6EUByQPlGkKnP1M9g0ZV3qMIrqMqZqdwazygIA/YP2vrbcyl1h/WppKJTdl1F85cXIle+394iDAQ=="
    },
    "nact": {
      "version": "7.6.0",
      "resolved": "https://registry.npmjs.org/nact/-/nact-7.6.0.tgz",
      "integrity": "sha512-0UghRQyNUMWLSwPIi7cyp3MXUtMpZLRaSG3bjqEfWO9OxZoUIAMh59raKeoTfnZ33B50CLg3RefXHLQr3kvgmQ==",
      "requires": {
        "denque": "^1.2.3"
      }
    }
  }
}
